
Microsoft Visual Studio Solution File, Format Version 12.00
# Visual Studio 15
VisualStudioVersion = 15.0.28307.902
MinimumVisualStudioVersion = 10.0.40219.1
Project("{FAE04EC0-301F-11D3-BF4B-00C04F79EFBC}") = "MVC", "MVC\MVC.csproj", "{8D57FEAB-3A1D-479D-9180-909B71D5C625}"
EndProject
Project("{FAE04EC0-301F-11D3-BF4B-00C04F79EFBC}") = "MVC.EF.DAL", "MVC.EF.DAL\MVC.EF.DAL.csproj", "{CD9EBB07-DD56-42E7-A0C2-16855F7B5838}"
EndProject
Global
	GlobalSection(SolutionConfigurationPlatforms) = preSolution
		Debug|Any CPU = Debug|Any CPU
		Release|Any CPU = Release|Any CPU
	EndGlobalSection
	GlobalSection(ProjectConfigurationPlatforms) = postSolution
		{8D57FEAB-3A1D-479D-9180-909B71D5C625}.Debug|Any CPU.ActiveCfg = Debug|Any CPU
		{8D57FEAB-3A1D-479D-9180-909B71D5C625}.Debug|Any CPU.Build.0 = Debug|Any CPU
		{8D57FEAB-3A1D-479D-9180-909B71D5C625}.Release|Any CPU.ActiveCfg = Release|Any CPU
		{8D57FEAB-3A1D-479D-9180-909B71D5C625}.Release|Any CPU.Build.0 = Release|Any CPU
		{CD9EBB07-DD56-42E7-A0C2-16855F7B5838}.Debug|Any CPU.ActiveCfg = Debug|Any CPU
		{CD9EBB07-DD56-42E7-A0C2-16855F7B5838}.Debug|Any CPU.Build.0 = Debug|Any CPU
		{CD9EBB07-DD56-42E7-A0C2-16855F7B5838}.Release|Any CPU.ActiveCfg = Release|Any CPU
		{CD9EBB07-DD56-42E7-A0C2-16855F7B5838}.Release|Any CPU.Build.0 = Release|Any CPU
	EndGlobalSection
	GlobalSection(SolutionProperties) = preSolution
		HideSolutionNode = FALSE
	EndGlobalSection
	GlobalSection(ExtensibilityGlobals) = postSolution
		SolutionGuid = {9C102FCD-1F4F-4DF6-9F7C-A2EE17A43C2D}
	EndGlobalSection
EndGlobal
